
Microsoft Visual Studio Solution File, Format Version 12.00
# Visual Studio Version 17
VisualStudioVersion = 17.1.32407.343
MinimumVisualStudioVersion = 10.0.40219.1
Project("{9A19103F-16F7-4668-BE54-9A1E7A4F7556}") = "MotoHut2.0", "MotoHut2.0.csproj", "{4D602FD1-EFA3-47D3-B9EA-191AA09B4CC3}"
EndProject
Project("{9A19103F-16F7-4668-BE54-9A1E7A4F7556}") = "Dal", "..\Dal\Dal.csproj", "{E8CA2665-7247-48AC-9FEB-5FE083E209CF}"
EndProject
Project("{9A19103F-16F7-4668-BE54-9A1E7A4F7556}") = "Business", "..\Business\Business.csproj", "{7BA79057-2BA3-4831-A07E-B8F966279104}"
EndProject
Global
	GlobalSection(SolutionConfigurationPlatforms) = preSolution
		Debug|Any CPU = Debug|Any CPU
		Release|Any CPU = Release|Any CPU
	EndGlobalSection
	GlobalSection(ProjectConfigurationPlatforms) = postSolution
		{4D602FD1-EFA3-47D3-B9EA-191AA09B4CC3}.Debug|Any CPU.ActiveCfg = Debug|Any CPU
		{4D602FD1-EFA3-47D3-B9EA-191AA09B4CC3}.Debug|Any CPU.Build.0 = Debug|Any CPU
		{4D602FD1-EFA3-47D3-B9EA-191AA09B4CC3}.Release|Any CPU.ActiveCfg = Release|Any CPU
		{4D602FD1-EFA3-47D3-B9EA-191AA09B4CC3}.Release|Any CPU.Build.0 = Release|Any CPU
		{E8CA2665-7247-48AC-9FEB-5FE083E209CF}.Debug|Any CPU.ActiveCfg = Debug|Any CPU
		{E8CA2665-7247-48AC-9FEB-5FE083E209CF}.Debug|Any CPU.Build.0 = Debug|Any CPU
		{E8CA2665-7247-48AC-9FEB-5FE083E209CF}.Release|Any CPU.ActiveCfg = Release|Any CPU
		{E8CA2665-7247-48AC-9FEB-5FE083E209CF}.Release|Any CPU.Build.0 = Release|Any CPU
		{7BA79057-2BA3-4831-A07E-B8F966279104}.Debug|Any CPU.ActiveCfg = Debug|Any CPU
		{7BA79057-2BA3-4831-A07E-B8F966279104}.Debug|Any CPU.Build.0 = Debug|Any CPU
		{7BA79057-2BA3-4831-A07E-B8F966279104}.Release|Any CPU.ActiveCfg = Release|Any CPU
		{7BA79057-2BA3-4831-A07E-B8F966279104}.Release|Any CPU.Build.0 = Release|Any CPU
	EndGlobalSection
	GlobalSection(SolutionProperties) = preSolution
		HideSolutionNode = FALSE
	EndGlobalSection
	GlobalSection(ExtensibilityGlobals) = postSolution
		SolutionGuid = {EDA1D29F-F949-4FAC-9EA6-0EBA9189BFD1}
	EndGlobalSection
EndGlobal
